// !$*UTF8*$!
{
	archiveVersion = 1;
	classes = {
	};
	objectVersion = 46;
	objects = {

/* Begin PBXBuildFile section */
		440F10271E15FE46009336B6 /* main.m in Sources */ = {isa = PBXBuildFile; fileRef = 440F10261E15FE46009336B6 /* main.m */; };
		440F10321E15FE46009336B6 /* Assets.xcassets in Resources */ = {isa = PBXBuildFile; fileRef = 440F10311E15FE46009336B6 /* Assets.xcassets */; };
		440F10351E15FE46009336B6 /* LaunchScreen.storyboard in Resources */ = {isa = PBXBuildFile; fileRef = 440F10331E15FE46009336B6 /* LaunchScreen.storyboard */; };
		440F10401E15FE46009336B6 /* Demo__multithreadingTests.m in Sources */ = {isa = PBXBuildFile; fileRef = 440F103F1E15FE46009336B6 /* Demo__multithreadingTests.m */; };
		440F10A11E15FE8E009336B6 /* AppDelegate.m in Sources */ = {isa = PBXBuildFile; fileRef = 440F104F1E15FE8D009336B6 /* AppDelegate.m */; };
		440F10A21E15FE8E009336B6 /* MCMainViewController.m in Sources */ = {isa = PBXBuildFile; fileRef = 440F10531E15FE8D009336B6 /* MCMainViewController.m */; };
		440F10A31E15FE8E009336B6 /* Level_fourViewController.m in Sources */ = {isa = PBXBuildFile; fileRef = 440F10571E15FE8D009336B6 /* Level_fourViewController.m */; };
		440F10A51E15FE8E009336B6 /* Level_threeViewController.m in Sources */ = {isa = PBXBuildFile; fileRef = 440F106F1E15FE8D009336B6 /* Level_threeViewController.m */; };
		440F10A61E15FE8E009336B6 /* Level_twoViewController.m in Sources */ = {isa = PBXBuildFile; fileRef = 440F107B1E15FE8D009336B6 /* Level_twoViewController.m */; };
		440F10A71E15FE8E009336B6 /* Info.plist in Resources */ = {isa = PBXBuildFile; fileRef = 440F10871E15FE8D009336B6 /* Info.plist */; };
		440F10A81E15FE8E009336B6 /* MASCompositeConstraint.m in Sources */ = {isa = PBXBuildFile; fileRef = 440F10891E15FE8E009336B6 /* MASCompositeConstraint.m */; };
		440F10A91E15FE8E009336B6 /* MASConstraint.m in Sources */ = {isa = PBXBuildFile; fileRef = 440F108C1E15FE8E009336B6 /* MASConstraint.m */; };
		440F10AA1E15FE8E009336B6 /* MASConstraintMaker.m in Sources */ = {isa = PBXBuildFile; fileRef = 440F108E1E15FE8E009336B6 /* MASConstraintMaker.m */; };
		440F10AB1E15FE8E009336B6 /* MASLayoutConstraint.m in Sources */ = {isa = PBXBuildFile; fileRef = 440F10901E15FE8E009336B6 /* MASLayoutConstraint.m */; };
		440F10AC1E15FE8E009336B6 /* MASViewAttribute.m in Sources */ = {isa = PBXBuildFile; fileRef = 440F10941E15FE8E009336B6 /* MASViewAttribute.m */; };
		440F10AD1E15FE8E009336B6 /* MASViewConstraint.m in Sources */ = {isa = PBXBuildFile; fileRef = 440F10961E15FE8E009336B6 /* MASViewConstraint.m */; };
		440F10AE1E15FE8E009336B6 /* NSArray+MASAdditions.m in Sources */ = {isa = PBXBuildFile; fileRef = 440F10981E15FE8E009336B6 /* NSArray+MASAdditions.m */; };
		440F10AF1E15FE8E009336B6 /* NSLayoutConstraint+MASDebugAdditions.m in Sources */ = {isa = PBXBuildFile; fileRef = 440F109B1E15FE8E009336B6 /* NSLayoutConstraint+MASDebugAdditions.m */; };
		440F10B01E15FE8E009336B6 /* View+MASAdditions.m in Sources */ = {isa = PBXBuildFile; fileRef = 440F109D1E15FE8E009336B6 /* View+MASAdditions.m */; };
		440F10B11E15FE8E009336B6 /* ViewController+MASAdditions.m in Sources */ = {isa = PBXBuildFile; fileRef = 440F10A01E15FE8E009336B6 /* ViewController+MASAdditions.m */; };
		440F10B71E160CDB009336B6 /* Level_oneViewController.m in Sources */ = {isa = PBXBuildFile; fileRef = 440F10B61E160CDB009336B6 /* Level_oneViewController.m */; };
		440F10BA1E160D20009336B6 /* Level_one_itemOneViewController.m in Sources */ = {isa = PBXBuildFile; fileRef = 440F10B91E160D20009336B6 /* Level_one_itemOneViewController.m */; };
		440F10BD1E160D2A009336B6 /* Level_one_itemTwoViewController.m in Sources */ = {isa = PBXBuildFile; fileRef = 440F10BC1E160D2A009336B6 /* Level_one_itemTwoViewController.m */; };
		440F10C01E160D35009336B6 /* Level_one_itemThreeViewController.m in Sources */ = {isa = PBXBuildFile; fileRef = 440F10BF1E160D35009336B6 /* Level_one_itemThreeViewController.m */; };
		440F10C31E160D57009336B6 /* Level_one_itemFourViewController.m in Sources */ = {isa = PBXBuildFile; fileRef = 440F10C21E160D57009336B6 /* Level_one_itemFourViewController.m */; };
		440F10C61E160D92009336B6 /* Level_one_itemFiveViewController.m in Sources */ = {isa = PBXBuildFile; fileRef = 440F10C51E160D92009336B6 /* Level_one_itemFiveViewController.m */; };
		440F10C91E160D9F009336B6 /* Level_one_itemSixViewController.m in Sources */ = {isa = PBXBuildFile; fileRef = 440F10C81E160D9F009336B6 /* Level_one_itemSixViewController.m */; };
		440F10CC1E160DAC009336B6 /* Level_one_itemSevenViewController.m in Sources */ = {isa = PBXBuildFile; fileRef = 440F10CB1E160DAC009336B6 /* Level_one_itemSevenViewController.m */; };
		440F10CF1E160DB7009336B6 /* Level_one_itemEightViewController.m in Sources */ = {isa = PBXBuildFile; fileRef = 440F10CE1E160DB7009336B6 /* Level_one_itemEightViewController.m */; };
		440F10D21E16116A009336B6 /* Level_two_itemOneViewController.m in Sources */ = {isa = PBXBuildFile; fileRef = 440F10D11E16116A009336B6 /* Level_two_itemOneViewController.m */; };
		440F10D51E161174009336B6 /* Level_two_itemTwoViewController.m in Sources */ = {isa = PBXBuildFile; fileRef = 440F10D41E161174009336B6 /* Level_two_itemTwoViewController.m */; };
		440F10D81E16117F009336B6 /* Level_two_itemThreeViewController.m in Sources */ = {isa = PBXBuildFile; fileRef = 440F10D71E16117F009336B6 /* Level_two_itemThreeViewController.m */; };
		440F10DB1E16118B009336B6 /* Level_two_itemFourViewController.m in Sources */ = {isa = PBXBuildFile; fileRef = 440F10DA1E16118B009336B6 /* Level_two_itemFourViewController.m */; };
		440F10DE1E161195009336B6 /* Level_two_itemFiveViewController.m in Sources */ = {isa = PBXBuildFile; fileRef = 440F10DD1E161195009336B6 /* Level_two_itemFiveViewController.m */; };
		440F10E11E1611A1009336B6 /* Level_two_itemSixViewController.m in Sources */ = {isa = PBXBuildFile; fileRef = 440F10E01E1611A1009336B6 /* Level_two_itemSixViewController.m */; };
		440F10E41E1611AB009336B6 /* Level_two_itemSevenViewController.m in Sources */ = {isa = PBXBuildFile; fileRef = 440F10E31E1611AB009336B6 /* Level_two_itemSevenViewController.m */; };
		440F10E71E1611B6009336B6 /* Level_two_itemEightViewController.m in Sources */ = {isa = PBXBuildFile; fileRef = 440F10E61E1611B6009336B6 /* Level_two_itemEightViewController.m */; };
		440F10EA1E161AAF009336B6 /* Level_three_itemOneViewController.m in Sources */ = {isa = PBXBuildFile; fileRef = 440F10E91E161AAF009336B6 /* Level_three_itemOneViewController.m */; };
		440F10ED1E161AB9009336B6 /* Level_three_itemTwoViewController.m in Sources */ = {isa = PBXBuildFile; fileRef = 440F10EC1E161AB9009336B6 /* Level_three_itemTwoViewController.m */; };
		440F10F01E161AC4009336B6 /* Level_three_itemThreeViewController.m in Sources */ = {isa = PBXBuildFile; fileRef = 440F10EF1E161AC4009336B6 /* Level_three_itemThreeViewController.m */; };
		440F10F31E161AD1009336B6 /* Level_three_itemFourViewController.m in Sources */ = {isa = PBXBuildFile; fileRef = 440F10F21E161AD1009336B6 /* Level_three_itemFourViewController.m */; };
		440F10F61E161ADD009336B6 /* Level_three_itemFiveViewController.m in Sources */ = {isa = PBXBuildFile; fileRef = 440F10F51E161ADD009336B6 /* Level_three_itemFiveViewController.m */; };
		440F10F91E161AE7009336B6 /* Level_three_itemSixViewController.m in Sources */ = {isa = PBXBuildFile; fileRef = 440F10F81E161AE7009336B6 /* Level_three_itemSixViewController.m */; };
		440F10FC1E161AF3009336B6 /* Level_three_itemSevenViewController.m in Sources */ = {isa = PBXBuildFile; fileRef = 440F10FB1E161AF3009336B6 /* Level_three_itemSevenViewController.m */; };
		440F10FF1E161B00009336B6 /* Level_three_itemEightViewController.m in Sources */ = {isa = PBXBuildFile; fileRef = 440F10FE1E161B00009336B6 /* Level_three_itemEightViewController.m */; };
		440F11021E161C15009336B6 /* Level_four_itemOneViewController.m in Sources */ = {isa = PBXBuildFile; fileRef = 440F11011E161C15009336B6 /* Level_four_itemOneViewController.m */; };
		440F11051E161C26009336B6 /* Level_four_itemTwoViewController.m in Sources */ = {isa = PBXBuildFile; fileRef = 440F11041E161C26009336B6 /* Level_four_itemTwoViewController.m */; };
		440F11081E161C39009336B6 /* Level_four_itemThreeViewController.m in Sources */ = {isa = PBXBuildFile; fileRef = 440F11071E161C39009336B6 /* Level_four_itemThreeViewController.m */; };
		440F110B1E161C49009336B6 /* Level_four_itemFourViewController.m in Sources */ = {isa = PBXBuildFile; fileRef = 440F110A1E161C49009336B6 /* Level_four_itemFourViewController.m */; };
		440F110E1E161C53009336B6 /* Level_four_itemFiveViewController.m in Sources */ = {isa = PBXBuildFile; fileRef = 440F110D1E161C53009336B6 /* Level_four_itemFiveViewController.m */; };
		440F11111E161C5E009336B6 /* Level_four_itemSixViewController.m in Sources */ = {isa = PBXBuildFile; fileRef = 440F11101E161C5E009336B6 /* Level_four_itemSixViewController.m */; };
		440F11141E161C69009336B6 /* Level_four_itemSevenViewController.m in Sources */ = {isa = PBXBuildFile; fileRef = 440F11131E161C69009336B6 /* Level_four_itemSevenViewController.m */; };
		440F11171E161C74009336B6 /* Level_four_itemEightViewController.m in Sources */ = {isa = PBXBuildFile; fileRef = 440F11161E161C74009336B6 /* Level_four_itemEightViewController.m */; };
/* End PBXBuildFile section */

/* Begin PBXContainerItemProxy section */
		440F103C1E15FE46009336B6 /* PBXContainerItemProxy */ = {
			isa = PBXContainerItemProxy;
			containerPortal = 440F101A1E15FE46009336B6 /* Project object */;
			proxyType = 1;
			remoteGlobalIDString = 440F10211E15FE46009336B6;
			remoteInfo = "Demo_ multithreading";
		};
/* End PBXContainerItemProxy section */

/* Begin PBXFileReference section */
		440F10221E15FE46009336B6 /* Demo_ multithreading.app */ = {isa = PBXFileReference; explicitFileType = wrapper.application; includeInIndex = 0; path = "Demo_ multithreading.app"; sourceTree = BUILT_PRODUCTS_DIR; };
		440F10261E15FE46009336B6 /* main.m */ = {isa = PBXFileReference; lastKnownFileType = sourcecode.c.objc; path = main.m; sourceTree = "<group>"; };
		440F10311E15FE46009336B6 /* Assets.xcassets */ = {isa = PBXFileReference; lastKnownFileType = folder.assetcatalog; path = Assets.xcassets; sourceTree = "<group>"; };
		440F10341E15FE46009336B6 /* Base */ = {isa = PBXFileReference; lastKnownFileType = file.storyboard; name = Base; path = Base.lproj/LaunchScreen.storyboard; sourceTree = "<group>"; };
		440F10361E15FE46009336B6 /* Info.plist */ = {isa = PBXFileReference; lastKnownFileType = text.plist.xml; path = Info.plist; sourceTree = "<group>"; };
		440F103B1E15FE46009336B6 /* Demo_ multithreadingTests.xctest */ = {isa = PBXFileReference; explicitFileType = wrapper.cfbundle; includeInIndex = 0; path = "Demo_ multithreadingTests.xctest"; sourceTree = BUILT_PRODUCTS_DIR; };
		440F103F1E15FE46009336B6 /* Demo__multithreadingTests.m */ = {isa = PBXFileReference; lastKnownFileType = sourcecode.c.objc; path = Demo__multithreadingTests.m; sourceTree = "<group>"; };
		440F10411E15FE46009336B6 /* Info.plist */ = {isa = PBXFileReference; lastKnownFileType = text.plist.xml; path = Info.plist; sourceTree = "<group>"; };
		440F104E1E15FE8D009336B6 /* AppDelegate.h */ = {isa = PBXFileReference; fileEncoding = 4; lastKnownFileType = sourcecode.c.h; path = AppDelegate.h; sourceTree = "<group>"; };
		440F104F1E15FE8D009336B6 /* AppDelegate.m */ = {isa = PBXFileReference; fileEncoding = 4; lastKnownFileType = sourcecode.c.objc; path = AppDelegate.m; sourceTree = "<group>"; };
		440F10521E15FE8D009336B6 /* MCMainViewController.h */ = {isa = PBXFileReference; fileEncoding = 4; lastKnownFileType = sourcecode.c.h; path = MCMainViewController.h; sourceTree = "<group>"; };
		440F10531E15FE8D009336B6 /* MCMainViewController.m */ = {isa = PBXFileReference; fileEncoding = 4; lastKnownFileType = sourcecode.c.objc; path = MCMainViewController.m; sourceTree = "<group>"; };
		440F10561E15FE8D009336B6 /* Level_fourViewController.h */ = {isa = PBXFileReference; fileEncoding = 4; lastKnownFileType = sourcecode.c.h; path = Level_fourViewController.h; sourceTree = "<group>"; };
		440F10571E15FE8D009336B6 /* Level_fourViewController.m */ = {isa = PBXFileReference; fileEncoding = 4; lastKnownFileType = sourcecode.c.objc; path = Level_fourViewController.m; sourceTree = "<group>"; };
		440F106E1E15FE8D009336B6 /* Level_threeViewController.h */ = {isa = PBXFileReference; fileEncoding = 4; lastKnownFileType = sourcecode.c.h; path = Level_threeViewController.h; sourceTree = "<group>"; };
		440F106F1E15FE8D009336B6 /* Level_threeViewController.m */ = {isa = PBXFileReference; fileEncoding = 4; lastKnownFileType = sourcecode.c.objc; path = Level_threeViewController.m; sourceTree = "<group>"; };
		440F107A1E15FE8D009336B6 /* Level_twoViewController.h */ = {isa = PBXFileReference; fileEncoding = 4; lastKnownFileType = sourcecode.c.h; path = Level_twoViewController.h; sourceTree = "<group>"; };
		440F107B1E15FE8D009336B6 /* Level_twoViewController.m */ = {isa = PBXFileReference; fileEncoding = 4; lastKnownFileType = sourcecode.c.objc; path = Level_twoViewController.m; sourceTree = "<group>"; };
		440F10871E15FE8D009336B6 /* Info.plist */ = {isa = PBXFileReference; fileEncoding = 4; lastKnownFileType = text.plist.xml; path = Info.plist; sourceTree = "<group>"; };
		440F10881E15FE8E009336B6 /* MASCompositeConstraint.h */ = {isa = PBXFileReference; fileEncoding = 4; lastKnownFileType = sourcecode.c.h; path = MASCompositeConstraint.h; sourceTree = "<group>"; };
		440F10891E15FE8E009336B6 /* MASCompositeConstraint.m */ = {isa = PBXFileReference; fileEncoding = 4; lastKnownFileType = sourcecode.c.objc; path = MASCompositeConstraint.m; sourceTree = "<group>"; };
		440F108A1E15FE8E009336B6 /* MASConstraint+Private.h */ = {isa = PBXFileReference; fileEncoding = 4; lastKnownFileType = sourcecode.c.h; path = "MASConstraint+Private.h"; sourceTree = "<group>"; };
		440F108B1E15FE8E009336B6 /* MASConstraint.h */ = {isa = PBXFileReference; fileEncoding = 4; lastKnownFileType = sourcecode.c.h; path = MASConstraint.h; sourceTree = "<group>"; };
		440F108C1E15FE8E009336B6 /* MASConstraint.m */ = {isa = PBXFileReference; fileEncoding = 4; lastKnownFileType = sourcecode.c.objc; path = MASConstraint.m; sourceTree = "<group>"; };
		440F108D1E15FE8E009336B6 /* MASConstraintMaker.h */ = {isa = PBXFileReference; fileEncoding = 4; lastKnownFileType = sourcecode.c.h; path = MASConstraintMaker.h; sourceTree = "<group>"; };
		440F108E1E15FE8E009336B6 /* MASConstraintMaker.m */ = {isa = PBXFileReference; fileEncoding = 4; lastKnownFileType = sourcecode.c.objc; path = MASConstraintMaker.m; sourceTree = "<group>"; };
		440F108F1E15FE8E009336B6 /* MASLayoutConstraint.h */ = {isa = PBXFileReference; fileEncoding = 4; lastKnownFileType = sourcecode.c.h; path = MASLayoutConstraint.h; sourceTree = "<group>"; };
		440F10901E15FE8E009336B6 /* MASLayoutConstraint.m */ = {isa = PBXFileReference; fileEncoding = 4; lastKnownFileType = sourcecode.c.objc; path = MASLayoutConstraint.m; sourceTree = "<group>"; };
		440F10911E15FE8E009336B6 /* Masonry.h */ = {isa = PBXFileReference; fileEncoding = 4; lastKnownFileType = sourcecode.c.h; path = Masonry.h; sourceTree = "<group>"; };
		440F10921E15FE8E009336B6 /* MASUtilities.h */ = {isa = PBXFileReference; fileEncoding = 4; lastKnownFileType = sourcecode.c.h; path = MASUtilities.h; sourceTree = "<group>"; };
		440F10931E15FE8E009336B6 /* MASViewAttribute.h */ = {isa = PBXFileReference; fileEncoding = 4; lastKnownFileType = sourcecode.c.h; path = MASViewAttribute.h; sourceTree = "<group>"; };
		440F10941E15FE8E009336B6 /* MASViewAttribute.m */ = {isa = PBXFileReference; fileEncoding = 4; lastKnownFileType = sourcecode.c.objc; path = MASViewAttribute.m; sourceTree = "<group>"; };
		440F10951E15FE8E009336B6 /* MASViewConstraint.h */ = {isa = PBXFileReference; fileEncoding = 4; lastKnownFileType = sourcecode.c.h; path = MASViewConstraint.h; sourceTree = "<group>"; };
		440F10961E15FE8E009336B6 /* MASViewConstraint.m */ = {isa = PBXFileReference; fileEncoding = 4; lastKnownFileType = sourcecode.c.objc; path = MASViewConstraint.m; sourceTree = "<group>"; };
		440F10971E15FE8E009336B6 /* NSArray+MASAdditions.h */ = {isa = PBXFileReference; fileEncoding = 4; lastKnownFileType = sourcecode.c.h; path = "NSArray+MASAdditions.h"; sourceTree = "<group>"; };
		440F10981E15FE8E009336B6 /* NSArray+MASAdditions.m */ = {isa = PBXFileReference; fileEncoding = 4; lastKnownFileType = sourcecode.c.objc; path = "NSArray+MASAdditions.m"; sourceTree = "<group>"; };
		440F10991E15FE8E009336B6 /* NSArray+MASShorthandAdditions.h */ = {isa = PBXFileReference; fileEncoding = 4; lastKnownFileType = sourcecode.c.h; path = "NSArray+MASShorthandAdditions.h"; sourceTree = "<group>"; };
		440F109A1E15FE8E009336B6 /* NSLayoutConstraint+MASDebugAdditions.h */ = {isa = PBXFileReference; fileEncoding = 4; lastKnownFileType = sourcecode.c.h; path = "NSLayoutConstraint+MASDebugAdditions.h"; sourceTree = "<group>"; };
		440F109B1E15FE8E009336B6 /* NSLayoutConstraint+MASDebugAdditions.m */ = {isa = PBXFileReference; fileEncoding = 4; lastKnownFileType = sourcecode.c.objc; path = "NSLayoutConstraint+MASDebugAdditions.m"; sourceTree = "<group>"; };
		440F109C1E15FE8E009336B6 /* View+MASAdditions.h */ = {isa = PBXFileReference; fileEncoding = 4; lastKnownFileType = sourcecode.c.h; path = "View+MASAdditions.h"; sourceTree = "<group>"; };
		440F109D1E15FE8E009336B6 /* View+MASAdditions.m */ = {isa = PBXFileReference; fileEncoding = 4; lastKnownFileType = sourcecode.c.objc; path = "View+MASAdditions.m"; sourceTree = "<group>"; };
		440F109E1E15FE8E009336B6 /* View+MASShorthandAdditions.h */ = {isa = PBXFileReference; fileEncoding = 4; lastKnownFileType = sourcecode.c.h; path = "View+MASShorthandAdditions.h"; sourceTree = "<group>"; };
		440F109F1E15FE8E009336B6 /* ViewController+MASAdditions.h */ = {isa = PBXFileReference; fileEncoding = 4; lastKnownFileType = sourcecode.c.h; path = "ViewController+MASAdditions.h"; sourceTree = "<group>"; };
		440F10A01E15FE8E009336B6 /* ViewController+MASAdditions.m */ = {isa = PBXFileReference; fileEncoding = 4; lastKnownFileType = sourcecode.c.objc; path = "ViewController+MASAdditions.m"; sourceTree = "<group>"; };
		440F10B51E160CDB009336B6 /* Level_oneViewController.h */ = {isa = PBXFileReference; fileEncoding = 4; lastKnownFileType = sourcecode.c.h; path = Level_oneViewController.h; sourceTree = "<group>"; };
		440F10B61E160CDB009336B6 /* Level_oneViewController.m */ = {isa = PBXFileReference; fileEncoding = 4; lastKnownFileType = sourcecode.c.objc; path = Level_oneViewController.m; sourceTree = "<group>"; };
		440F10B81E160D20009336B6 /* Level_one_itemOneViewController.h */ = {isa = PBXFileReference; fileEncoding = 4; lastKnownFileType = sourcecode.c.h; path = Level_one_itemOneViewController.h; sourceTree = "<group>"; };
		440F10B91E160D20009336B6 /* Level_one_itemOneViewController.m */ = {isa = PBXFileReference; fileEncoding = 4; lastKnownFileType = sourcecode.c.objc; path = Level_one_itemOneViewController.m; sourceTree = "<group>"; };
		440F10BB1E160D2A009336B6 /* Level_one_itemTwoViewController.h */ = {isa = PBXFileReference; fileEncoding = 4; lastKnownFileType = sourcecode.c.h; path = Level_one_itemTwoViewController.h; sourceTree = "<group>"; };
		440F10BC1E160D2A009336B6 /* Level_one_itemTwoViewController.m */ = {isa = PBXFileReference; fileEncoding = 4; lastKnownFileType = sourcecode.c.objc; path = Level_one_itemTwoViewController.m; sourceTree = "<group>"; };
		440F10BE1E160D35009336B6 /* Level_one_itemThreeViewController.h */ = {isa = PBXFileReference; fileEncoding = 4; lastKnownFileType = sourcecode.c.h; path = Level_one_itemThreeViewController.h; sourceTree = "<group>"; };
		440F10BF1E160D35009336B6 /* Level_one_itemThreeViewController.m */ = {isa = PBXFileReference; fileEncoding = 4; lastKnownFileType = sourcecode.c.objc; path = Level_one_itemThreeViewController.m; sourceTree = "<group>"; };
		440F10C11E160D57009336B6 /* Level_one_itemFourViewController.h */ = {isa = PBXFileReference; fileEncoding = 4; lastKnownFileType = sourcecode.c.h; path = Level_one_itemFourViewController.h; sourceTree = "<group>"; };
		440F10C21E160D57009336B6 /* Level_one_itemFourViewController.m */ = {isa = PBXFileReference; fileEncoding = 4; lastKnownFileType = sourcecode.c.objc; path = Level_one_itemFourViewController.m; sourceTree = "<group>"; };
		440F10C41E160D92009336B6 /* Level_one_itemFiveViewController.h */ = {isa = PBXFileReference; fileEncoding = 4; lastKnownFileType = sourcecode.c.h; path = Level_one_itemFiveViewController.h; sourceTree = "<group>"; };
		440F10C51E160D92009336B6 /* Level_one_itemFiveViewController.m */ = {isa = PBXFileReference; fileEncoding = 4; lastKnownFileType = sourcecode.c.objc; path = Level_one_itemFiveViewController.m; sourceTree = "<group>"; };
		440F10C71E160D9F009336B6 /* Level_one_itemSixViewController.h */ = {isa = PBXFileReference; fileEncoding = 4; lastKnownFileType = sourcecode.c.h; path = Level_one_itemSixViewController.h; sourceTree = "<group>"; };
		440F10C81E160D9F009336B6 /* Level_one_itemSixViewController.m */ = {isa = PBXFileReference; fileEncoding = 4; lastKnownFileType = sourcecode.c.objc; path = Level_one_itemSixViewController.m; sourceTree = "<group>"; };
		440F10CA1E160DAC009336B6 /* Level_one_itemSevenViewController.h */ = {isa = PBXFileReference; fileEncoding = 4; lastKnownFileType = sourcecode.c.h; path = Level_one_itemSevenViewController.h; sourceTree = "<group>"; };
		440F10CB1E160DAC009336B6 /* Level_one_itemSevenViewController.m */ = {isa = PBXFileReference; fileEncoding = 4; lastKnownFileType = sourcecode.c.objc; path = Level_one_itemSevenViewController.m; sourceTree = "<group>"; };
		440F10CD1E160DB7009336B6 /* Level_one_itemEightViewController.h */ = {isa = PBXFileReference; fileEncoding = 4; lastKnownFileType = sourcecode.c.h; path = Level_one_itemEightViewController.h; sourceTree = "<group>"; };
		440F10CE1E160DB7009336B6 /* Level_one_itemEightViewController.m */ = {isa = PBXFileReference; fileEncoding = 4; lastKnownFileType = sourcecode.c.objc; path = Level_one_itemEightViewController.m; sourceTree = "<group>"; };
		440F10D01E16116A009336B6 /* Level_two_itemOneViewController.h */ = {isa = PBXFileReference; fileEncoding = 4; lastKnownFileType = sourcecode.c.h; path = Level_two_itemOneViewController.h; sourceTree = "<group>"; };
		440F10D11E16116A009336B6 /* Level_two_itemOneViewController.m */ = {isa = PBXFileReference; fileEncoding = 4; lastKnownFileType = sourcecode.c.objc; path = Level_two_itemOneViewController.m; sourceTree = "<group>"; };
		440F10D31E161174009336B6 /* Level_two_itemTwoViewController.h */ = {isa = PBXFileReference; fileEncoding = 4; lastKnownFileType = sourcecode.c.h; path = Level_two_itemTwoViewController.h; sourceTree = "<group>"; };
		440F10D41E161174009336B6 /* Level_two_itemTwoViewController.m */ = {isa = PBXFileReference; fileEncoding = 4; lastKnownFileType = sourcecode.c.objc; path = Level_two_itemTwoViewController.m; sourceTree = "<group>"; };
		440F10D61E16117F009336B6 /* Level_two_itemThreeViewController.h */ = {isa = PBXFileReference; fileEncoding = 4; lastKnownFileType = sourcecode.c.h; path = Level_two_itemThreeViewController.h; sourceTree = "<group>"; };
		440F10D71E16117F009336B6 /* Level_two_itemThreeViewController.m */ = {isa = PBXFileReference; fileEncoding = 4; lastKnownFileType = sourcecode.c.objc; path = Level_two_itemThreeViewController.m; sourceTree = "<group>"; };
		440F10D91E16118B009336B6 /* Level_two_itemFourViewController.h */ = {isa = PBXFileReference; fileEncoding = 4; lastKnownFileType = sourcecode.c.h; path = Level_two_itemFourViewController.h; sourceTree = "<group>"; };
		440F10DA1E16118B009336B6 /* Level_two_itemFourViewController.m */ = {isa = PBXFileReference; fileEncoding = 4; lastKnownFileType = sourcecode.c.objc; path = Level_two_itemFourViewController.m; sourceTree = "<group>"; };
		440F10DC1E161195009336B6 /* Level_two_itemFiveViewController.h */ = {isa = PBXFileReference; fileEncoding = 4; lastKnownFileType = sourcecode.c.h; path = Level_two_itemFiveViewController.h; sourceTree = "<group>"; };
		440F10DD1E161195009336B6 /* Level_two_itemFiveViewController.m */ = {isa = PBXFileReference; fileEncoding = 4; lastKnownFileType = sourcecode.c.objc; path = Level_two_itemFiveViewController.m; sourceTree = "<group>"; };
		440F10DF1E1611A1009336B6 /* Level_two_itemSixViewController.h */ = {isa = PBXFileReference; fileEncoding = 4; lastKnownFileType = sourcecode.c.h; path = Level_two_itemSixViewController.h; sourceTree = "<group>"; };
		440F10E01E1611A1009336B6 /* Level_two_itemSixViewController.m */ = {isa = PBXFileReference; fileEncoding = 4; lastKnownFileType = sourcecode.c.objc; path = Level_two_itemSixViewController.m; sourceTree = "<group>"; };
		440F10E21E1611AB009336B6 /* Level_two_itemSevenViewController.h */ = {isa = PBXFileReference; fileEncoding = 4; lastKnownFileType = sourcecode.c.h; path = Level_two_itemSevenViewController.h; sourceTree = "<group>"; };
		440F10E31E1611AB009336B6 /* Level_two_itemSevenViewController.m */ = {isa = PBXFileReference; fileEncoding = 4; lastKnownFileType = sourcecode.c.objc; path = Level_two_itemSevenViewController.m; sourceTree = "<group>"; };
		440F10E51E1611B6009336B6 /* Level_two_itemEightViewController.h */ = {isa = PBXFileReference; fileEncoding = 4; lastKnownFileType = sourcecode.c.h; path = Level_two_itemEightViewController.h; sourceTree = "<group>"; };
		440F10E61E1611B6009336B6 /* Level_two_itemEightViewController.m */ = {isa = PBXFileReference; fileEncoding = 4; lastKnownFileType = sourcecode.c.objc; path = Level_two_itemEightViewController.m; sourceTree = "<group>"; };
		440F10E81E161AAF009336B6 /* Level_three_itemOneViewController.h */ = {isa = PBXFileReference; fileEncoding = 4; lastKnownFileType = sourcecode.c.h; path = Level_three_itemOneViewController.h; sourceTree = "<group>"; };
		440F10E91E161AAF009336B6 /* Level_three_itemOneViewController.m */ = {isa = PBXFileReference; fileEncoding = 4; lastKnownFileType = sourcecode.c.objc; path = Level_three_itemOneViewController.m; sourceTree = "<group>"; };
		440F10EB1E161AB9009336B6 /* Level_three_itemTwoViewController.h */ = {isa = PBXFileReference; fileEncoding = 4; lastKnownFileType = sourcecode.c.h; path = Level_three_itemTwoViewController.h; sourceTree = "<group>"; };
		440F10EC1E161AB9009336B6 /* Level_three_itemTwoViewController.m */ = {isa = PBXFileReference; fileEncoding = 4; lastKnownFileType = sourcecode.c.objc; path = Level_three_itemTwoViewController.m; sourceTree = "<group>"; };
		440F10EE1E161AC4009336B6 /* Level_three_itemThreeViewController.h */ = {isa = PBXFileReference; fileEncoding = 4; lastKnownFileType = sourcecode.c.h; path = Level_three_itemThreeViewController.h; sourceTree = "<group>"; };
		440F10EF1E161AC4009336B6 /* Level_three_itemThreeViewController.m */ = {isa = PBXFileReference; fileEncoding = 4; lastKnownFileType = sourcecode.c.objc; path = Level_three_itemThreeViewController.m; sourceTree = "<group>"; };
		440F10F11E161AD1009336B6 /* Level_three_itemFourViewController.h */ = {isa = PBXFileReference; fileEncoding = 4; lastKnownFileType = sourcecode.c.h; path = Level_three_itemFourViewController.h; sourceTree = "<group>"; };
		440F10F21E161AD1009336B6 /* Level_three_itemFourViewController.m */ = {isa = PBXFileReference; fileEncoding = 4; lastKnownFileType = sourcecode.c.objc; path = Level_three_itemFourViewController.m; sourceTree = "<group>"; };
		440F10F41E161ADD009336B6 /* Level_three_itemFiveViewController.h */ = {isa = PBXFileReference; fileEncoding = 4; lastKnownFileType = sourcecode.c.h; path = Level_three_itemFiveViewController.h; sourceTree = "<group>"; };
		440F10F51E161ADD009336B6 /* Level_three_itemFiveViewController.m */ = {isa = PBXFileReference; fileEncoding = 4; lastKnownFileType = sourcecode.c.objc; path = Level_three_itemFiveViewController.m; sourceTree = "<group>"; };
		440F10F71E161AE7009336B6 /* Level_three_itemSixViewController.h */ = {isa = PBXFileReference; fileEncoding = 4; lastKnownFileType = sourcecode.c.h; path = Level_three_itemSixViewController.h; sourceTree = "<group>"; };
		440F10F81E161AE7009336B6 /* Level_three_itemSixViewController.m */ = {isa = PBXFileReference; fileEncoding = 4; lastKnownFileType = sourcecode.c.objc; path = Level_three_itemSixViewController.m; sourceTree = "<group>"; };
		440F10FA1E161AF3009336B6 /* Level_three_itemSevenViewController.h */ = {isa = PBXFileReference; fileEncoding = 4; lastKnownFileType = sourcecode.c.h; path = Level_three_itemSevenViewController.h; sourceTree = "<group>"; };
		440F10FB1E161AF3009336B6 /* Level_three_itemSevenViewController.m */ = {isa = PBXFileReference; fileEncoding = 4; lastKnownFileType = sourcecode.c.objc; path = Level_three_itemSevenViewController.m; sourceTree = "<group>"; };
		440F10FD1E161B00009336B6 /* Level_three_itemEightViewController.h */ = {isa = PBXFileReference; fileEncoding = 4; lastKnownFileType = sourcecode.c.h; path = Level_three_itemEightViewController.h; sourceTree = "<group>"; };
		440F10FE1E161B00009336B6 /* Level_three_itemEightViewController.m */ = {isa = PBXFileReference; fileEncoding = 4; lastKnownFileType = sourcecode.c.objc; path = Level_three_itemEightViewController.m; sourceTree = "<group>"; };
		440F11001E161C15009336B6 /* Level_four_itemOneViewController.h */ = {isa = PBXFileReference; fileEncoding = 4; lastKnownFileType = sourcecode.c.h; path = Level_four_itemOneViewController.h; sourceTree = "<group>"; };
		440F11011E161C15009336B6 /* Level_four_itemOneViewController.m */ = {isa = PBXFileReference; fileEncoding = 4; lastKnownFileType = sourcecode.c.objc; path = Level_four_itemOneViewController.m; sourceTree = "<group>"; };
		440F11031E161C26009336B6 /* Level_four_itemTwoViewController.h */ = {isa = PBXFileReference; fileEncoding = 4; lastKnownFileType = sourcecode.c.h; path = Level_four_itemTwoViewController.h; sourceTree = "<group>"; };
		440F11041E161C26009336B6 /* Level_four_itemTwoViewController.m */ = {isa = PBXFileReference; fileEncoding = 4; lastKnownFileType = sourcecode.c.objc; path = Level_four_itemTwoViewController.m; sourceTree = "<group>"; };
		440F11061E161C39009336B6 /* Level_four_itemThreeViewController.h */ = {isa = PBXFileReference; fileEncoding = 4; lastKnownFileType = sourcecode.c.h; path = Level_four_itemThreeViewController.h; sourceTree = "<group>"; };
		440F11071E161C39009336B6 /* Level_four_itemThreeViewController.m */ = {isa = PBXFileReference; fileEncoding = 4; lastKnownFileType = sourcecode.c.objc; path = Level_four_itemThreeViewController.m; sourceTree = "<group>"; };
		440F11091E161C49009336B6 /* Level_four_itemFourViewController.h */ = {isa = PBXFileReference; fileEncoding = 4; lastKnownFileType = sourcecode.c.h; path = Level_four_itemFourViewController.h; sourceTree = "<group>"; };
		440F110A1E161C49009336B6 /* Level_four_itemFourViewController.m */ = {isa = PBXFileReference; fileEncoding = 4; lastKnownFileType = sourcecode.c.objc; path = Level_four_itemFourViewController.m; sourceTree = "<group>"; };
		440F110C1E161C53009336B6 /* Level_four_itemFiveViewController.h */ = {isa = PBXFileReference; fileEncoding = 4; lastKnownFileType = sourcecode.c.h; path = Level_four_itemFiveViewController.h; sourceTree = "<group>"; };
		440F110D1E161C53009336B6 /* Level_four_itemFiveViewController.m */ = {isa = PBXFileReference; fileEncoding = 4; lastKnownFileType = sourcecode.c.objc; path = Level_four_itemFiveViewController.m; sourceTree = "<group>"; };
		440F110F1E161C5E009336B6 /* Level_four_itemSixViewController.h */ = {isa = PBXFileReference; fileEncoding = 4; lastKnownFileType = sourcecode.c.h; path = Level_four_itemSixViewController.h; sourceTree = "<group>"; };
		440F11101E161C5E009336B6 /* Level_four_itemSixViewController.m */ = {isa = PBXFileReference; fileEncoding = 4; lastKnownFileType = sourcecode.c.objc; path = Level_four_itemSixViewController.m; sourceTree = "<group>"; };
		440F11121E161C69009336B6 /* Level_four_itemSevenViewController.h */ = {isa = PBXFileReference; fileEncoding = 4; lastKnownFileType = sourcecode.c.h; path = Level_four_itemSevenViewController.h; sourceTree = "<group>"; };
		440F11131E161C69009336B6 /* Level_four_itemSevenViewController.m */ = {isa = PBXFileReference; fileEncoding = 4; lastKnownFileType = sourcecode.c.objc; path = Level_four_itemSevenViewController.m; sourceTree = "<group>"; };
		440F11151E161C74009336B6 /* Level_four_itemEightViewController.h */ = {isa = PBXFileReference; fileEncoding = 4; lastKnownFileType = sourcecode.c.h; path = Level_four_itemEightViewController.h; sourceTree = "<group>"; };
		440F11161E161C74009336B6 /* Level_four_itemEightViewController.m */ = {isa = PBXFileReference; fileEncoding = 4; lastKnownFileType = sourcecode.c.objc; path = Level_four_itemEightViewController.m; sourceTree = "<group>"; };
		440F11181E1637F0009336B6 /* Header.h */ = {isa = PBXFileReference; lastKnownFileType = sourcecode.c.h; path = Header.h; sourceTree = "<group>"; };
/* End PBXFileReference section */

/* Begin PBXFrameworksBuildPhase section */
		440F101F1E15FE46009336B6 /* Frameworks */ = {
			isa = PBXFrameworksBuildPhase;
			buildActionMask = 2147483647;
			files = (
			);
			runOnlyForDeploymentPostprocessing = 0;
		};
		440F10381E15FE46009336B6 /* Frameworks */ = {
			isa = PBXFrameworksBuildPhase;
			buildActionMask = 2147483647;
			files = (
			);
			runOnlyForDeploymentPostprocessing = 0;
		};
/* End PBXFrameworksBuildPhase section */

/* Begin PBXGroup section */
		440F10191E15FE46009336B6 = {
			isa = PBXGroup;
			children = (
				440F10241E15FE46009336B6 /* Demo_ multithreading */,
				440F103E1E15FE46009336B6 /* Demo_ multithreadingTests */,
				440F10231E15FE46009336B6 /* Products */,
			);
			sourceTree = "<group>";
		};
		440F10231E15FE46009336B6 /* Products */ = {
			isa = PBXGroup;
			children = (
				440F10221E15FE46009336B6 /* Demo_ multithreading.app */,
				440F103B1E15FE46009336B6 /* Demo_ multithreadingTests.xctest */,
			);
			name = Products;
			sourceTree = "<group>";
		};
		440F10241E15FE46009336B6 /* Demo_ multithreading */ = {
			isa = PBXGroup;
			children = (
				440F104A1E15FE8D009336B6 /* All */,
				440F10251E15FE46009336B6 /* Supporting Files */,
			);
			path = "Demo_ multithreading";
			sourceTree = "<group>";
		};
		440F10251E15FE46009336B6 /* Supporting Files */ = {
			isa = PBXGroup;
			children = (
				440F10311E15FE46009336B6 /* Assets.xcassets */,
				440F10331E15FE46009336B6 /* LaunchScreen.storyboard */,
				440F10361E15FE46009336B6 /* Info.plist */,
				440F10261E15FE46009336B6 /* main.m */,
			);
			name = "Supporting Files";
			sourceTree = "<group>";
		};
		440F103E1E15FE46009336B6 /* Demo_ multithreadingTests */ = {
			isa = PBXGroup;
			children = (
				440F103F1E15FE46009336B6 /* Demo__multithreadingTests.m */,
				440F10411E15FE46009336B6 /* Info.plist */,
			);
			path = "Demo_ multithreadingTests";
			sourceTree = "<group>";
		};
		440F104A1E15FE8D009336B6 /* All */ = {
			isa = PBXGroup;
			children = (
				440F104B1E15FE8D009336B6 /* Category */,
				440F104C1E15FE8D009336B6 /* Classes */,
				440F10851E15FE8D009336B6 /* Vender */,
			);
			path = All;
			sourceTree = "<group>";
		};
		440F104B1E15FE8D009336B6 /* Category */ = {
			isa = PBXGroup;
			children = (
			);
			path = Category;
			sourceTree = "<group>";
		};
		440F104C1E15FE8D009336B6 /* Classes */ = {
			isa = PBXGroup;
			children = (
				440F104D1E15FE8D009336B6 /* AppDelegate */,
				440F10501E15FE8D009336B6 /* Main */,
				440F10841E15FE8D009336B6 /* Other */,
			);
			path = Classes;
			sourceTree = "<group>";
		};
		440F104D1E15FE8D009336B6 /* AppDelegate */ = {
			isa = PBXGroup;
			children = (
				440F104E1E15FE8D009336B6 /* AppDelegate.h */,
				440F104F1E15FE8D009336B6 /* AppDelegate.m */,
			);
			path = AppDelegate;
			sourceTree = "<group>";
		};
		440F10501E15FE8D009336B6 /* Main */ = {
			isa = PBXGroup;
			children = (
				440F10511E15FE8D009336B6 /* FacingOne */,
				440F10601E15FE8D009336B6 /* Level_one */,
				440F10781E15FE8D009336B6 /* Level_two */,
				440F106C1E15FE8D009336B6 /* Level_three */,
				440F10541E15FE8D009336B6 /* Level_four */,
			);
			path = Main;
			sourceTree = "<group>";
		};
		440F10511E15FE8D009336B6 /* FacingOne */ = {
			isa = PBXGroup;
			children = (
				440F10521E15FE8D009336B6 /* MCMainViewController.h */,
				440F10531E15FE8D009336B6 /* MCMainViewController.m */,
			);
			path = FacingOne;
			sourceTree = "<group>";
		};
		440F10541E15FE8D009336B6 /* Level_four */ = {
			isa = PBXGroup;
			children = (
				440F10551E15FE8D009336B6 /* FacingOne */,
				440F105B1E15FE8D009336B6 /* Item_one */,
				440F105F1E15FE8D009336B6 /* Item_two */,
				440F105E1E15FE8D009336B6 /* Item_three */,
				440F105A1E15FE8D009336B6 /* Item_four */,
				440F10591E15FE8D009336B6 /* Item_five */,
				440F105D1E15FE8D009336B6 /* Item_six */,
				440F105C1E15FE8D009336B6 /* Item_seven */,
				440F10581E15FE8D009336B6 /* Item_eight */,
			);
			path = Level_four;
			sourceTree = "<group>";
		};
		440F10551E15FE8D009336B6 /* FacingOne */ = {
			isa = PBXGroup;
			children = (
				440F10561E15FE8D009336B6 /* Level_fourViewController.h */,
				440F10571E15FE8D009336B6 /* Level_fourViewController.m */,
			);
			path = FacingOne;
			sourceTree = "<group>";
		};
		440F10581E15FE8D009336B6 /* Item_eight */ = {
			isa = PBXGroup;
			children = (
				440F11151E161C74009336B6 /* Level_four_itemEightViewController.h */,
				440F11161E161C74009336B6 /* Level_four_itemEightViewController.m */,
			);
			path = Item_eight;
			sourceTree = "<group>";
		};
		440F10591E15FE8D009336B6 /* Item_five */ = {
			isa = PBXGroup;
			children = (
				440F110C1E161C53009336B6 /* Level_four_itemFiveViewController.h */,
				440F110D1E161C53009336B6 /* Level_four_itemFiveViewController.m */,
			);
			path = Item_five;
			sourceTree = "<group>";
		};
		440F105A1E15FE8D009336B6 /* Item_four */ = {
			isa = PBXGroup;
			children = (
				440F11091E161C49009336B6 /* Level_four_itemFourViewController.h */,
				440F110A1E161C49009336B6 /* Level_four_itemFourViewController.m */,
			);
			path = Item_four;
			sourceTree = "<group>";
		};
		440F105B1E15FE8D009336B6 /* Item_one */ = {
			isa = PBXGroup;
			children = (
				440F11001E161C15009336B6 /* Level_four_itemOneViewController.h */,
				440F11011E161C15009336B6 /* Level_four_itemOneViewController.m */,
			);
			path = Item_one;
			sourceTree = "<group>";
		};
		440F105C1E15FE8D009336B6 /* Item_seven */ = {
			isa = PBXGroup;
			children = (
				440F11121E161C69009336B6 /* Level_four_itemSevenViewController.h */,
				440F11131E161C69009336B6 /* Level_four_itemSevenViewController.m */,
			);
			path = Item_seven;
			sourceTree = "<group>";
		};
		440F105D1E15FE8D009336B6 /* Item_six */ = {
			isa = PBXGroup;
			children = (
				440F110F1E161C5E009336B6 /* Level_four_itemSixViewController.h */,
				440F11101E161C5E009336B6 /* Level_four_itemSixViewController.m */,
			);
			path = Item_six;
			sourceTree = "<group>";
		};
		440F105E1E15FE8D009336B6 /* Item_three */ = {
			isa = PBXGroup;
			children = (
				440F11061E161C39009336B6 /* Level_four_itemThreeViewController.h */,
				440F11071E161C39009336B6 /* Level_four_itemThreeViewController.m */,
			);
			path = Item_three;
			sourceTree = "<group>";
		};
		440F105F1E15FE8D009336B6 /* Item_two */ = {
			isa = PBXGroup;
			children = (
				440F11031E161C26009336B6 /* Level_four_itemTwoViewController.h */,
				440F11041E161C26009336B6 /* Level_four_itemTwoViewController.m */,
			);
			path = Item_two;
			sourceTree = "<group>";
		};
		440F10601E15FE8D009336B6 /* Level_one */ = {
			isa = PBXGroup;
			children = (
				440F10611E15FE8D009336B6 /* FacingOne */,
				440F10671E15FE8D009336B6 /* Item_one */,
				440F106B1E15FE8D009336B6 /* Item_two */,
				440F106A1E15FE8D009336B6 /* Item_three */,
				440F10661E15FE8D009336B6 /* Item_four */,
				440F10651E15FE8D009336B6 /* Item_five */,
				440F10691E15FE8D009336B6 /* Item_six */,
				440F10681E15FE8D009336B6 /* Item_seven */,
				440F10641E15FE8D009336B6 /* Item_eight */,
			);
			path = Level_one;
			sourceTree = "<group>";
		};
		440F10611E15FE8D009336B6 /* FacingOne */ = {
			isa = PBXGroup;
			children = (
				440F10B51E160CDB009336B6 /* Level_oneViewController.h */,
				440F10B61E160CDB009336B6 /* Level_oneViewController.m */,
			);
			path = FacingOne;
			sourceTree = "<group>";
		};
		440F10641E15FE8D009336B6 /* Item_eight */ = {
			isa = PBXGroup;
			children = (
				440F10CD1E160DB7009336B6 /* Level_one_itemEightViewController.h */,
				440F10CE1E160DB7009336B6 /* Level_one_itemEightViewController.m */,
			);
			path = Item_eight;
			sourceTree = "<group>";
		};
		440F10651E15FE8D009336B6 /* Item_five */ = {
			isa = PBXGroup;
			children = (
				440F10C41E160D92009336B6 /* Level_one_itemFiveViewController.h */,
				440F10C51E160D92009336B6 /* Level_one_itemFiveViewController.m */,
			);
			path = Item_five;
			sourceTree = "<group>";
		};
		440F10661E15FE8D009336B6 /* Item_four */ = {
			isa = PBXGroup;
			children = (
				440F10C11E160D57009336B6 /* Level_one_itemFourViewController.h */,
				440F10C21E160D57009336B6 /* Level_one_itemFourViewController.m */,
			);
			path = Item_four;
			sourceTree = "<group>";
		};
		440F10671E15FE8D009336B6 /* Item_one */ = {
			isa = PBXGroup;
			children = (
				440F10B81E160D20009336B6 /* Level_one_itemOneViewController.h */,
				440F10B91E160D20009336B6 /* Level_one_itemOneViewController.m */,
			);
			path = Item_one;
			sourceTree = "<group>";
		};
		440F10681E15FE8D009336B6 /* Item_seven */ = {
			isa = PBXGroup;
			children = (
				440F10CA1E160DAC009336B6 /* Level_one_itemSevenViewController.h */,
				440F10CB1E160DAC009336B6 /* Level_one_itemSevenViewController.m */,
			);
			path = Item_seven;
			sourceTree = "<group>";
		};
		440F10691E15FE8D009336B6 /* Item_six */ = {
			isa = PBXGroup;
			children = (
				440F10C71E160D9F009336B6 /* Level_one_itemSixViewController.h */,
				440F10C81E160D9F009336B6 /* Level_one_itemSixViewController.m */,
			);
			path = Item_six;
			sourceTree = "<group>";
		};
		440F106A1E15FE8D009336B6 /* Item_three */ = {
			isa = PBXGroup;
			children = (
				440F10BE1E160D35009336B6 /* Level_one_itemThreeViewController.h */,
				440F10BF1E160D35009336B6 /* Level_one_itemThreeViewController.m */,
			);
			path = Item_three;
			sourceTree = "<group>";
		};
		440F106B1E15FE8D009336B6 /* Item_two */ = {
			isa = PBXGroup;
			children = (
				440F10BB1E160D2A009336B6 /* Level_one_itemTwoViewController.h */,
				440F10BC1E160D2A009336B6 /* Level_one_itemTwoViewController.m */,
			);
			path = Item_two;
			sourceTree = "<group>";
		};
		440F106C1E15FE8D009336B6 /* Level_three */ = {
			isa = PBXGroup;
			children = (
				440F106D1E15FE8D009336B6 /* FacingOne */,
				440F10731E15FE8D009336B6 /* Item_one */,
				440F10771E15FE8D009336B6 /* Item_two */,
				440F10761E15FE8D009336B6 /* Item_three */,
				440F10721E15FE8D009336B6 /* Item_four */,
				440F10711E15FE8D009336B6 /* Item_five */,
				440F10751E15FE8D009336B6 /* Item_six */,
				440F10741E15FE8D009336B6 /* Item_seven */,
				440F10701E15FE8D009336B6 /* Item_eight */,
			);
			path = Level_three;
			sourceTree = "<group>";
		};
		440F106D1E15FE8D009336B6 /* FacingOne */ = {
			isa = PBXGroup;
			children = (
				440F106E1E15FE8D009336B6 /* Level_threeViewController.h */,
				440F106F1E15FE8D009336B6 /* Level_threeViewController.m */,
			);
			path = FacingOne;
			sourceTree = "<group>";
		};
		440F10701E15FE8D009336B6 /* Item_eight */ = {
			isa = PBXGroup;
			children = (
				440F10FD1E161B00009336B6 /* Level_three_itemEightViewController.h */,
				440F10FE1E161B00009336B6 /* Level_three_itemEightViewController.m */,
			);
			path = Item_eight;
			sourceTree = "<group>";
		};
		440F10711E15FE8D009336B6 /* Item_five */ = {
			isa = PBXGroup;
			children = (
				440F10F41E161ADD009336B6 /* Level_three_itemFiveViewController.h */,
				440F10F51E161ADD009336B6 /* Level_three_itemFiveViewController.m */,
			);
			path = Item_five;
			sourceTree = "<group>";
		};
		440F10721E15FE8D009336B6 /* Item_four */ = {
			isa = PBXGroup;
			children = (
				440F10F11E161AD1009336B6 /* Level_three_itemFourViewController.h */,
				440F10F21E161AD1009336B6 /* Level_three_itemFourViewController.m */,
			);
			path = Item_four;
			sourceTree = "<group>";
		};
		440F10731E15FE8D009336B6 /* Item_one */ = {
			isa = PBXGroup;
			children = (
				440F10E81E161AAF009336B6 /* Level_three_itemOneViewController.h */,
				440F10E91E161AAF009336B6 /* Level_three_itemOneViewController.m */,
			);
			path = Item_one;
			sourceTree = "<group>";
		};
		440F10741E15FE8D009336B6 /* Item_seven */ = {
			isa = PBXGroup;
			children = (
				440F10FA1E161AF3009336B6 /* Level_three_itemSevenViewController.h */,
				440F10FB1E161AF3009336B6 /* Level_three_itemSevenViewController.m */,
			);
			path = Item_seven;
			sourceTree = "<group>";
		};
		440F10751E15FE8D009336B6 /* Item_six */ = {
			isa = PBXGroup;
			children = (
				440F10F71E161AE7009336B6 /* Level_three_itemSixViewController.h */,
				440F10F81E161AE7009336B6 /* Level_three_itemSixViewController.m */,
			);
			path = Item_six;
			sourceTree = "<group>";
		};
		440F10761E15FE8D009336B6 /* Item_three */ = {
			isa = PBXGroup;
			children = (
				440F10EE1E161AC4009336B6 /* Level_three_itemThreeViewController.h */,
				440F10EF1E161AC4009336B6 /* Level_three_itemThreeViewController.m */,
			);
			path = Item_three;
			sourceTree = "<group>";
		};
		440F10771E15FE8D009336B6 /* Item_two */ = {
			isa = PBXGroup;
			children = (
				440F10EB1E161AB9009336B6 /* Level_three_itemTwoViewController.h */,
				440F10EC1E161AB9009336B6 /* Level_three_itemTwoViewController.m */,
			);
			path = Item_two;
			sourceTree = "<group>";
		};
		440F10781E15FE8D009336B6 /* Level_two */ = {
			isa = PBXGroup;
			children = (
				440F10791E15FE8D009336B6 /* FacingOne */,
				440F107F1E15FE8D009336B6 /* Item_one */,
				440F10831E15FE8D009336B6 /* Item_two */,
				440F10821E15FE8D009336B6 /* Item_three */,
				440F107E1E15FE8D009336B6 /* Item_four */,
				440F107D1E15FE8D009336B6 /* Item_five */,
				440F10811E15FE8D009336B6 /* Item_six */,
				440F10801E15FE8D009336B6 /* Item_seven */,
				440F107C1E15FE8D009336B6 /* Item_eight */,
			);
			path = Level_two;
			sourceTree = "<group>";
		};
		440F10791E15FE8D009336B6 /* FacingOne */ = {
			isa = PBXGroup;
			children = (
				440F107A1E15FE8D009336B6 /* Level_twoViewController.h */,
				440F107B1E15FE8D009336B6 /* Level_twoViewController.m */,
			);
			path = FacingOne;
			sourceTree = "<group>";
		};
		440F107C1E15FE8D009336B6 /* Item_eight */ = {
			isa = PBXGroup;
			children = (
				440F10E51E1611B6009336B6 /* Level_two_itemEightViewController.h */,
				440F10E61E1611B6009336B6 /* Level_two_itemEightViewController.m */,
			);
			path = Item_eight;
			sourceTree = "<group>";
		};
		440F107D1E15FE8D009336B6 /* Item_five */ = {
			isa = PBXGroup;
			children = (
				440F10DC1E161195009336B6 /* Level_two_itemFiveViewController.h */,
				440F10DD1E161195009336B6 /* Level_two_itemFiveViewController.m */,
			);
			path = Item_five;
			sourceTree = "<group>";
		};
		440F107E1E15FE8D009336B6 /* Item_four */ = {
			isa = PBXGroup;
			children = (
				440F10D91E16118B009336B6 /* Level_two_itemFourViewController.h */,
				440F10DA1E16118B009336B6 /* Level_two_itemFourViewController.m */,
			);
			path = Item_four;
			sourceTree = "<group>";
		};
		440F107F1E15FE8D009336B6 /* Item_one */ = {
			isa = PBXGroup;
			children = (
				440F10D01E16116A009336B6 /* Level_two_itemOneViewController.h */,
				440F10D11E16116A009336B6 /* Level_two_itemOneViewController.m */,
			);
			path = Item_one;
			sourceTree = "<group>";
		};
		440F10801E15FE8D009336B6 /* Item_seven */ = {
			isa = PBXGroup;
			children = (
				440F10E21E1611AB009336B6 /* Level_two_itemSevenViewController.h */,
				440F10E31E1611AB009336B6 /* Level_two_itemSevenViewController.m */,
			);
			path = Item_seven;
			sourceTree = "<group>";
		};
		440F10811E15FE8D009336B6 /* Item_six */ = {
			isa = PBXGroup;
			children = (
				440F10DF1E1611A1009336B6 /* Level_two_itemSixViewController.h */,
				440F10E01E1611A1009336B6 /* Level_two_itemSixViewController.m */,
			);
			path = Item_six;
			sourceTree = "<group>";
		};
		440F10821E15FE8D009336B6 /* Item_three */ = {
			isa = PBXGroup;
			children = (
				440F10D61E16117F009336B6 /* Level_two_itemThreeViewController.h */,
				440F10D71E16117F009336B6 /* Level_two_itemThreeViewController.m */,
			);
			path = Item_three;
			sourceTree = "<group>";
		};
		440F10831E15FE8D009336B6 /* Item_two */ = {
			isa = PBXGroup;
			children = (
				440F10D31E161174009336B6 /* Level_two_itemTwoViewController.h */,
				440F10D41E161174009336B6 /* Level_two_itemTwoViewController.m */,
			);
			path = Item_two;
			sourceTree = "<group>";
		};
		440F10841E15FE8D009336B6 /* Other */ = {
			isa = PBXGroup;
			children = (
				440F11181E1637F0009336B6 /* Header.h */,
			);
			path = Other;
			sourceTree = "<group>";
		};
		440F10851E15FE8D009336B6 /* Vender */ = {
			isa = PBXGroup;
			children = (
				440F10861E15FE8D009336B6 /* Masonry */,
			);
			path = Vender;
			sourceTree = "<group>";
		};
		440F10861E15FE8D009336B6 /* Masonry */ = {
			isa = PBXGroup;
			children = (
				440F10871E15FE8D009336B6 /* Info.plist */,
				440F10881E15FE8E009336B6 /* MASCompositeConstraint.h */,
				440F10891E15FE8E009336B6 /* MASCompositeConstraint.m */,
				440F108A1E15FE8E009336B6 /* MASConstraint+Private.h */,
				440F108B1E15FE8E009336B6 /* MASConstraint.h */,
				440F108C1E15FE8E009336B6 /* MASConstraint.m */,
				440F108D1E15FE8E009336B6 /* MASConstraintMaker.h */,
				440F108E1E15FE8E009336B6 /* MASConstraintMaker.m */,
				440F108F1E15FE8E009336B6 /* MASLayoutConstraint.h */,
				440F10901E15FE8E009336B6 /* MASLayoutConstraint.m */,
				440F10911E15FE8E009336B6 /* Masonry.h */,
				440F10921E15FE8E009336B6 /* MASUtilities.h */,
				440F10931E15FE8E009336B6 /* MASViewAttribute.h */,
				440F10941E15FE8E009336B6 /* MASViewAttribute.m */,
				440F10951E15FE8E009336B6 /* MASViewConstraint.h */,
				440F10961E15FE8E009336B6 /* MASViewConstraint.m */,
				440F10971E15FE8E009336B6 /* NSArray+MASAdditions.h */,
				440F10981E15FE8E009336B6 /* NSArray+MASAdditions.m */,
				440F10991E15FE8E009336B6 /* NSArray+MASShorthandAdditions.h */,
				440F109A1E15FE8E009336B6 /* NSLayoutConstraint+MASDebugAdditions.h */,
				440F109B1E15FE8E009336B6 /* NSLayoutConstraint+MASDebugAdditions.m */,
				440F109C1E15FE8E009336B6 /* View+MASAdditions.h */,
				440F109D1E15FE8E009336B6 /* View+MASAdditions.m */,
				440F109E1E15FE8E009336B6 /* View+MASShorthandAdditions.h */,
				440F109F1E15FE8E009336B6 /* ViewController+MASAdditions.h */,
				440F10A01E15FE8E009336B6 /* ViewController+MASAdditions.m */,
			);
			path = Masonry;
			sourceTree = "<group>";
		};
/* End PBXGroup section */

/* Begin PBXNativeTarget section */
		440F10211E15FE46009336B6 /* Demo_ multithreading */ = {
			isa = PBXNativeTarget;
			buildConfigurationList = 440F10441E15FE46009336B6 /* Build configuration list for PBXNativeTarget "Demo_ multithreading" */;
			buildPhases = (
				440F101E1E15FE46009336B6 /* Sources */,
				440F101F1E15FE46009336B6 /* Frameworks */,
				440F10201E15FE46009336B6 /* Resources */,
			);
			buildRules = (
			);
			dependencies = (
			);
			name = "Demo_ multithreading";
			productName = "Demo_ multithreading";
			productReference = 440F10221E15FE46009336B6 /* Demo_ multithreading.app */;
			productType = "com.apple.product-type.application";
		};
		440F103A1E15FE46009336B6 /* Demo_ multithreadingTests */ = {
			isa = PBXNativeTarget;
			buildConfigurationList = 440F10471E15FE46009336B6 /* Build configuration list for PBXNativeTarget "Demo_ multithreadingTests" */;
			buildPhases = (
				440F10371E15FE46009336B6 /* Sources */,
				440F10381E15FE46009336B6 /* Frameworks */,
				440F10391E15FE46009336B6 /* Resources */,
			);
			buildRules = (
			);
			dependencies = (
				440F103D1E15FE46009336B6 /* PBXTargetDependency */,
			);
			name = "Demo_ multithreadingTests";
			productName = "Demo_ multithreadingTests";
			productReference = 440F103B1E15FE46009336B6 /* Demo_ multithreadingTests.xctest */;
			productType = "com.apple.product-type.bundle.unit-test";
		};
/* End PBXNativeTarget section */

/* Begin PBXProject section */
		440F101A1E15FE46009336B6 /* Project object */ = {
			isa = PBXProject;
			attributes = {
				LastUpgradeCheck = 0810;
				ORGANIZATIONNAME = MC;
				TargetAttributes = {
					440F10211E15FE46009336B6 = {
						CreatedOnToolsVersion = 8.1;
						ProvisioningStyle = Automatic;
					};
					440F103A1E15FE46009336B6 = {
						CreatedOnToolsVersion = 8.1;
						ProvisioningStyle = Automatic;
						TestTargetID = 440F10211E15FE46009336B6;
					};
				};
			};
			buildConfigurationList = 440F101D1E15FE46009336B6 /* Build configuration list for PBXProject "Demo_ multithreading" */;
			compatibilityVersion = "Xcode 3.2";
			developmentRegion = English;
			hasScannedForEncodings = 0;
			knownRegions = (
				en,
				Base,
			);
			mainGroup = 440F10191E15FE46009336B6;
			productRefGroup = 440F10231E15FE46009336B6 /* Products */;
			projectDirPath = "";
			projectRoot = "";
			targets = (
				440F10211E15FE46009336B6 /* Demo_ multithreading */,
				440F103A1E15FE46009336B6 /* Demo_ multithreadingTests */,
			);
		};
/* End PBXProject section */

/* Begin PBXResourcesBuildPhase section */
		440F10201E15FE46009336B6 /* Resources */ = {
			isa = PBXResourcesBuildPhase;
			buildActionMask = 2147483647;
			files = (
				440F10351E15FE46009336B6 /* LaunchScreen.storyboard in Resources */,
				440F10321E15FE46009336B6 /* Assets.xcassets in Resources */,
				440F10A71E15FE8E009336B6 /* Info.plist in Resources */,
			);
			runOnlyForDeploymentPostprocessing = 0;
		};
		440F10391E15FE46009336B6 /* Resources */ = {
			isa = PBXResourcesBuildPhase;
			buildActionMask = 2147483647;
			files = (
			);
			runOnlyForDeploymentPostprocessing = 0;
		};
/* End PBXResourcesBuildPhase section */

/* Begin PBXSourcesBuildPhase section */
		440F101E1E15FE46009336B6 /* Sources */ = {
			isa = PBXSourcesBuildPhase;
			buildActionMask = 2147483647;
			files = (
				440F10F01E161AC4009336B6 /* Level_three_itemThreeViewController.m in Sources */,
				440F10AE1E15FE8E009336B6 /* NSArray+MASAdditions.m in Sources */,
				440F10AD1E15FE8E009336B6 /* MASViewConstraint.m in Sources */,
				440F10F61E161ADD009336B6 /* Level_three_itemFiveViewController.m in Sources */,
				440F10CF1E160DB7009336B6 /* Level_one_itemEightViewController.m in Sources */,
				440F10A21E15FE8E009336B6 /* MCMainViewController.m in Sources */,
				440F10D81E16117F009336B6 /* Level_two_itemThreeViewController.m in Sources */,
				440F10E41E1611AB009336B6 /* Level_two_itemSevenViewController.m in Sources */,
				440F11051E161C26009336B6 /* Level_four_itemTwoViewController.m in Sources */,
				440F10FF1E161B00009336B6 /* Level_three_itemEightViewController.m in Sources */,
				440F110B1E161C49009336B6 /* Level_four_itemFourViewController.m in Sources */,
				440F11171E161C74009336B6 /* Level_four_itemEightViewController.m in Sources */,
				440F10EA1E161AAF009336B6 /* Level_three_itemOneViewController.m in Sources */,
				440F10AA1E15FE8E009336B6 /* MASConstraintMaker.m in Sources */,
				440F10BA1E160D20009336B6 /* Level_one_itemOneViewController.m in Sources */,
				440F10BD1E160D2A009336B6 /* Level_one_itemTwoViewController.m in Sources */,
				440F10B01E15FE8E009336B6 /* View+MASAdditions.m in Sources */,
				440F10C91E160D9F009336B6 /* Level_one_itemSixViewController.m in Sources */,
				440F10B71E160CDB009336B6 /* Level_oneViewController.m in Sources */,
				440F10DB1E16118B009336B6 /* Level_two_itemFourViewController.m in Sources */,
				440F10A11E15FE8E009336B6 /* AppDelegate.m in Sources */,
				440F10A91E15FE8E009336B6 /* MASConstraint.m in Sources */,
				440F10D51E161174009336B6 /* Level_two_itemTwoViewController.m in Sources */,
				440F10DE1E161195009336B6 /* Level_two_itemFiveViewController.m in Sources */,
				440F10271E15FE46009336B6 /* main.m in Sources */,
				440F10AC1E15FE8E009336B6 /* MASViewAttribute.m in Sources */,
				440F10C01E160D35009336B6 /* Level_one_itemThreeViewController.m in Sources */,
				440F10E11E1611A1009336B6 /* Level_two_itemSixViewController.m in Sources */,
				440F10AF1E15FE8E009336B6 /* NSLayoutConstraint+MASDebugAdditions.m in Sources */,
				440F110E1E161C53009336B6 /* Level_four_itemFiveViewController.m in Sources */,
				440F11081E161C39009336B6 /* Level_four_itemThreeViewController.m in Sources */,
				440F10D21E16116A009336B6 /* Level_two_itemOneViewController.m in Sources */,
				440F10A61E15FE8E009336B6 /* Level_twoViewController.m in Sources */,
				440F11141E161C69009336B6 /* Level_four_itemSevenViewController.m in Sources */,
				440F10C31E160D57009336B6 /* Level_one_itemFourViewController.m in Sources */,
				440F10ED1E161AB9009336B6 /* Level_three_itemTwoViewController.m in Sources */,
				440F10A81E15FE8E009336B6 /* MASCompositeConstraint.m in Sources */,
				440F10AB1E15FE8E009336B6 /* MASLayoutConstraint.m in Sources */,
				440F11111E161C5E009336B6 /* Level_four_itemSixViewController.m in Sources */,
				440F10F91E161AE7009336B6 /* Level_three_itemSixViewController.m in Sources */,
				440F10A31E15FE8E009336B6 /* Level_fourViewController.m in Sources */,
				440F10C61E160D92009336B6 /* Level_one_itemFiveViewController.m in Sources */,
				440F10F31E161AD1009336B6 /* Level_three_itemFourViewController.m in Sources */,
				440F10E71E1611B6009336B6 /* Level_two_itemEightViewController.m in Sources */,
				440F10CC1E160DAC009336B6 /* Level_one_itemSevenViewController.m in Sources */,
				440F10FC1E161AF3009336B6 /* Level_three_itemSevenViewController.m in Sources */,
				440F11021E161C15009336B6 /* Level_four_itemOneViewController.m in Sources */,
				440F10A51E15FE8E009336B6 /* Level_threeViewController.m in Sources */,
				440F10B11E15FE8E009336B6 /* ViewController+MASAdditions.m in Sources */,
			);
			runOnlyForDeploymentPostprocessing = 0;
		};
		440F10371E15FE46009336B6 /* Sources */ = {
			isa = PBXSourcesBuildPhase;
			buildActionMask = 2147483647;
			files = (
				440F10401E15FE46009336B6 /* Demo__multithreadingTests.m in Sources */,
			);
			runOnlyForDeploymentPostprocessing = 0;
		};
/* End PBXSourcesBuildPhase section */

/* Begin PBXTargetDependency section */
		440F103D1E15FE46009336B6 /* PBXTargetDependency */ = {
			isa = PBXTargetDependency;
			target = 440F10211E15FE46009336B6 /* Demo_ multithreading */;
			targetProxy = 440F103C1E15FE46009336B6 /* PBXContainerItemProxy */;
		};
/* End PBXTargetDependency section */

/* Begin PBXVariantGroup section */
		440F10331E15FE46009336B6 /* LaunchScreen.storyboard */ = {
			isa = PBXVariantGroup;
			children = (
				440F10341E15FE46009336B6 /* Base */,
			);
			name = LaunchScreen.storyboard;
			sourceTree = "<group>";
		};
/* End PBXVariantGroup section */

/* Begin XCBuildConfiguration section */
		440F10421E15FE46009336B6 /* Debug */ = {
			isa = XCBuildConfiguration;
			buildSettings = {
				ALWAYS_SEARCH_USER_PATHS = NO;
				CLANG_ANALYZER_NONNULL = YES;
				CLANG_CXX_LANGUAGE_STANDARD = "gnu++0x";
				CLANG_CXX_LIBRARY = "libc++";
				CLANG_ENABLE_MODULES = YES;
				CLANG_ENABLE_OBJC_ARC = YES;
				CLANG_WARN_BOOL_CONVERSION = YES;
				CLANG_WARN_CONSTANT_CONVERSION = YES;
				CLANG_WARN_DIRECT_OBJC_ISA_USAGE = YES_ERROR;
				CLANG_WARN_DOCUMENTATION_COMMENTS = YES;
				CLANG_WARN_EMPTY_BODY = YES;
				CLANG_WARN_ENUM_CONVERSION = YES;
				CLANG_WARN_INFINITE_RECURSION = YES;
				CLANG_WARN_INT_CONVERSION = YES;
				CLANG_WARN_OBJC_ROOT_CLASS = YES_ERROR;
				CLANG_WARN_SUSPICIOUS_MOVES = YES;
				CLANG_WARN_UNREACHABLE_CODE = YES;
				CLANG_WARN__DUPLICATE_METHOD_MATCH = YES;
				"CODE_SIGN_IDENTITY[sdk=iphoneos*]" = "iPhone Developer";
				COPY_PHASE_STRIP = NO;
				DEBUG_INFORMATION_FORMAT = dwarf;
				ENABLE_STRICT_OBJC_MSGSEND = YES;
				ENABLE_TESTABILITY = YES;
				GCC_C_LANGUAGE_STANDARD = gnu99;
				GCC_DYNAMIC_NO_PIC = NO;
				GCC_NO_COMMON_BLOCKS = YES;
				GCC_OPTIMIZATION_LEVEL = 0;
				GCC_PREPROCESSOR_DEFINITIONS = (
					"DEBUG=1",
					"$(inherited)",
				);
				GCC_WARN_64_TO_32_BIT_CONVERSION = YES;
				GCC_WARN_ABOUT_RETURN_TYPE = YES_ERROR;
				GCC_WARN_UNDECLARED_SELECTOR = YES;
				GCC_WARN_UNINITIALIZED_AUTOS = YES_AGGRESSIVE;
				GCC_WARN_UNUSED_FUNCTION = YES;
				GCC_WARN_UNUSED_VARIABLE = YES;
				IPHONEOS_DEPLOYMENT_TARGET = 10.1;
				MTL_ENABLE_DEBUG_INFO = YES;
				ONLY_ACTIVE_ARCH = YES;
				SDKROOT = iphoneos;
			};
			name = Debug;
		};
		440F10431E15FE46009336B6 /* Release */ = {
			isa = XCBuildConfiguration;
			buildSettings = {
				ALWAYS_SEARCH_USER_PATHS = NO;
				CLANG_ANALYZER_NONNULL = YES;
				CLANG_CXX_LANGUAGE_STANDARD = "gnu++0x";
				CLANG_CXX_LIBRARY = "libc++";
				CLANG_ENABLE_MODULES = YES;
				CLANG_ENABLE_OBJC_ARC = YES;
				CLANG_WARN_BOOL_CONVERSION = YES;
				CLANG_WARN_CONSTANT_CONVERSION = YES;
				CLANG_WARN_DIRECT_OBJC_ISA_USAGE = YES_ERROR;
				CLANG_WARN_DOCUMENTATION_COMMENTS = YES;
				CLANG_WARN_EMPTY_BODY = YES;
				CLANG_WARN_ENUM_CONVERSION = YES;
				CLANG_WARN_INFINITE_RECURSION = YES;
				CLANG_WARN_INT_CONVERSION = YES;
				CLANG_WARN_OBJC_ROOT_CLASS = YES_ERROR;
				CLANG_WARN_SUSPICIOUS_MOVES = YES;
				CLANG_WARN_UNREACHABLE_CODE = YES;
				CLANG_WARN__DUPLICATE_METHOD_MATCH = YES;
				"CODE_SIGN_IDENTITY[sdk=iphoneos*]" = "iPhone Developer";
				COPY_PHASE_STRIP = NO;
				DEBUG_INFORMATION_FORMAT = "dwarf-with-dsym";
				ENABLE_NS_ASSERTIONS = NO;
				ENABLE_STRICT_OBJC_MSGSEND = YES;
				GCC_C_LANGUAGE_STANDARD = gnu99;
				GCC_NO_COMMON_BLOCKS = YES;
				GCC_WARN_64_TO_32_BIT_CONVERSION = YES;
				GCC_WARN_ABOUT_RETURN_TYPE = YES_ERROR;
				GCC_WARN_UNDECLARED_SELECTOR = YES;
				GCC_WARN_UNINITIALIZED_AUTOS = YES_AGGRESSIVE;
				GCC_WARN_UNUSED_FUNCTION = YES;
				GCC_WARN_UNUSED_VARIABLE = YES;
				IPHONEOS_DEPLOYMENT_TARGET = 10.1;
				MTL_ENABLE_DEBUG_INFO = NO;
				SDKROOT = iphoneos;
				VALIDATE_PRODUCT = YES;
			};
			name = Release;
		};
		440F10451E15FE46009336B6 /* Debug */ = {
			isa = XCBuildConfiguration;
			buildSettings = {
				ASSETCATALOG_COMPILER_APPICON_NAME = AppIcon;
				INFOPLIST_FILE = "Demo_ multithreading/Info.plist";
				LD_RUNPATH_SEARCH_PATHS = "$(inherited) @executable_path/Frameworks";
				PRODUCT_BUNDLE_IDENTIFIER = "com.glela.Demo--multithreading";
				PRODUCT_NAME = "$(TARGET_NAME)";
			};
			name = Debug;
		};
		440F10461E15FE46009336B6 /* Release */ = {
			isa = XCBuildConfiguration;
			buildSettings = {
				ASSETCATALOG_COMPILER_APPICON_NAME = AppIcon;
				INFOPLIST_FILE = "Demo_ multithreading/Info.plist";
				LD_RUNPATH_SEARCH_PATHS = "$(inherited) @executable_path/Frameworks";
				PRODUCT_BUNDLE_IDENTIFIER = "com.glela.Demo--multithreading";
				PRODUCT_NAME = "$(TARGET_NAME)";
			};
			name = Release;
		};
		440F10481E15FE46009336B6 /* Debug */ = {
			isa = XCBuildConfiguration;
			buildSettings = {
				BUNDLE_LOADER = "$(TEST_HOST)";
				INFOPLIST_FILE = "Demo_ multithreadingTests/Info.plist";
				LD_RUNPATH_SEARCH_PATHS = "$(inherited) @executable_path/Frameworks @loader_path/Frameworks";
				PRODUCT_BUNDLE_IDENTIFIER = "com.glela.Demo--multithreadingTests";
				PRODUCT_NAME = "$(TARGET_NAME)";
				TEST_HOST = "$(BUILT_PRODUCTS_DIR)/Demo_ multithreading.app/Demo_ multithreading";
			};
			name = Debug;
		};
		440F10491E15FE46009336B6 /* Release */ = {
			isa = XCBuildConfiguration;
			buildSettings = {
				BUNDLE_LOADER = "$(TEST_HOST)";
				INFOPLIST_FILE = "Demo_ multithreadingTests/Info.plist";
				LD_RUNPATH_SEARCH_PATHS = "$(inherited) @executable_path/Frameworks @loader_path/Frameworks";
				PRODUCT_BUNDLE_IDENTIFIER = "com.glela.Demo--multithreadingTests";
				PRODUCT_NAME = "$(TARGET_NAME)";
				TEST_HOST = "$(BUILT_PRODUCTS_DIR)/Demo_ multithreading.app/Demo_ multithreading";
			};
			name = Release;
		};
/* End XCBuildConfiguration section */

/* Begin XCConfigurationList section */
		440F101D1E15FE46009336B6 /* Build configuration list for PBXProject "Demo_ multithreading" */ = {
			isa = XCConfigurationList;
			buildConfigurations = (
				440F10421E15FE46009336B6 /* Debug */,
				440F10431E15FE46009336B6 /* Release */,
			);
			defaultConfigurationIsVisible = 0;
			defaultConfigurationName = Release;
		};
		440F10441E15FE46009336B6 /* Build configuration list for PBXNativeTarget "Demo_ multithreading" */ = {
			isa = XCConfigurationList;
			buildConfigurations = (
				440F10451E15FE46009336B6 /* Debug */,
				440F10461E15FE46009336B6 /* Release */,
			);
			defaultConfigurationIsVisible = 0;
		};
		440F10471E15FE46009336B6 /* Build configuration list for PBXNativeTarget "Demo_ multithreadingTests" */ = {
			isa = XCConfigurationList;
			buildConfigurations = (
				440F10481E15FE46009336B6 /* Debug */,
				440F10491E15FE46009336B6 /* Release */,
			);
			defaultConfigurationIsVisible = 0;
		};
/* End XCConfigurationList section */
	};
	rootObject = 440F101A1E15FE46009336B6 /* Project object */;
}
